// !$*UTF8*$!
{
	archiveVersion = 1;
	classes = {
	};
	objectVersion = 46;
	objects = {

/* Begin PBXBuildFile section */
		05979C921BC1872D00F5EA5F /* AppDelegate.swift in Sources */ = {isa = PBXBuildFile; fileRef = 05979C911BC1872D00F5EA5F /* AppDelegate.swift */; };
		05979C971BC1872D00F5EA5F /* Main.storyboard in Resources */ = {isa = PBXBuildFile; fileRef = 05979C951BC1872D00F5EA5F /* Main.storyboard */; };
		05979C991BC1872D00F5EA5F /* Assets.xcassets in Resources */ = {isa = PBXBuildFile; fileRef = 05979C981BC1872D00F5EA5F /* Assets.xcassets */; };
		05979C9C1BC1872D00F5EA5F /* LaunchScreen.storyboard in Resources */ = {isa = PBXBuildFile; fileRef = 05979C9A1BC1872D00F5EA5F /* LaunchScreen.storyboard */; };
		05979CA41BC1898C00F5EA5F /* MainTableViewController.swift in Sources */ = {isa = PBXBuildFile; fileRef = 05979CA31BC1898C00F5EA5F /* MainTableViewController.swift */; };
		05979CA61BC19BC700F5EA5F /* DetailTableViewController.swift in Sources */ = {isa = PBXBuildFile; fileRef = 05979CA51BC19BC700F5EA5F /* DetailTableViewController.swift */; };
		86169A672003A92300CA2A08 /* RoundButton.swift in Sources */ = {isa = PBXBuildFile; fileRef = 86169A662003A92300CA2A08 /* RoundButton.swift */; };
		86C7FDF82003D1F9005C5C9F /* StringExt.swift in Sources */ = {isa = PBXBuildFile; fileRef = 86C7FDF72003D1F9005C5C9F /* StringExt.swift */; };
		86CEFAA82000C2FF0075912D /* Util.swift in Sources */ = {isa = PBXBuildFile; fileRef = 86CEFAA72000C2FF0075912D /* Util.swift */; };
		86CEFAAA2000D4720075912D /* ResultViewController.swift in Sources */ = {isa = PBXBuildFile; fileRef = 86CEFAA92000D4720075912D /* ResultViewController.swift */; };
/* End PBXBuildFile section */

/* Begin PBXFileReference section */
		05979C8E1BC1872D00F5EA5F /* splitabill.app */ = {isa = PBXFileReference; explicitFileType = wrapper.application; includeInIndex = 0; path = splitabill.app; sourceTree = BUILT_PRODUCTS_DIR; };
		05979C911BC1872D00F5EA5F /* AppDelegate.swift */ = {isa = PBXFileReference; lastKnownFileType = sourcecode.swift; path = AppDelegate.swift; sourceTree = "<group>"; };
		05979C961BC1872D00F5EA5F /* Base */ = {isa = PBXFileReference; lastKnownFileType = file.storyboard; name = Base; path = Base.lproj/Main.storyboard; sourceTree = "<group>"; };
		05979C981BC1872D00F5EA5F /* Assets.xcassets */ = {isa = PBXFileReference; lastKnownFileType = folder.assetcatalog; path = Assets.xcassets; sourceTree = "<group>"; };
		05979C9B1BC1872D00F5EA5F /* Base */ = {isa = PBXFileReference; lastKnownFileType = file.storyboard; name = Base; path = Base.lproj/LaunchScreen.storyboard; sourceTree = "<group>"; };
		05979C9D1BC1872D00F5EA5F /* Info.plist */ = {isa = PBXFileReference; lastKnownFileType = text.plist.xml; path = Info.plist; sourceTree = "<group>"; };
		05979CA31BC1898C00F5EA5F /* MainTableViewController.swift */ = {isa = PBXFileReference; fileEncoding = 4; lastKnownFileType = sourcecode.swift; path = MainTableViewController.swift; sourceTree = "<group>"; };
		05979CA51BC19BC700F5EA5F /* DetailTableViewController.swift */ = {isa = PBXFileReference; fileEncoding = 4; lastKnownFileType = sourcecode.swift; path = DetailTableViewController.swift; sourceTree = "<group>"; };
		86169A662003A92300CA2A08 /* RoundButton.swift */ = {isa = PBXFileReference; fileEncoding = 4; lastKnownFileType = sourcecode.swift; path = RoundButton.swift; sourceTree = "<group>"; };
		86C7FDF72003D1F9005C5C9F /* StringExt.swift */ = {isa = PBXFileReference; lastKnownFileType = sourcecode.swift; path = StringExt.swift; sourceTree = "<group>"; };
		86CEFAA72000C2FF0075912D /* Util.swift */ = {isa = PBXFileReference; lastKnownFileType = sourcecode.swift; path = Util.swift; sourceTree = "<group>"; };
		86CEFAA92000D4720075912D /* ResultViewController.swift */ = {isa = PBXFileReference; lastKnownFileType = sourcecode.swift; path = ResultViewController.swift; sourceTree = "<group>"; };
/* End PBXFileReference section */

/* Begin PBXFrameworksBuildPhase section */
		05979C8B1BC1872D00F5EA5F /* Frameworks */ = {
			isa = PBXFrameworksBuildPhase;
			buildActionMask = 2147483647;
			files = (
			);
			runOnlyForDeploymentPostprocessing = 0;
		};
/* End PBXFrameworksBuildPhase section */

/* Begin PBXGroup section */
		05979C851BC1872D00F5EA5F = {
			isa = PBXGroup;
			children = (
				05979C901BC1872D00F5EA5F /* splitabill */,
				05979C8F1BC1872D00F5EA5F /* Products */,
			);
			sourceTree = "<group>";
		};
		05979C8F1BC1872D00F5EA5F /* Products */ = {
			isa = PBXGroup;
			children = (
				05979C8E1BC1872D00F5EA5F /* splitabill.app */,
			);
			name = Products;
			sourceTree = "<group>";
		};
		05979C901BC1872D00F5EA5F /* splitabill */ = {
			isa = PBXGroup;
			children = (
				05979C911BC1872D00F5EA5F /* AppDelegate.swift */,
				05979CA31BC1898C00F5EA5F /* MainTableViewController.swift */,
				86CEFAA72000C2FF0075912D /* Util.swift */,
				05979CA51BC19BC700F5EA5F /* DetailTableViewController.swift */,
				86CEFAA92000D4720075912D /* ResultViewController.swift */,
				86169A662003A92300CA2A08 /* RoundButton.swift */,
				05979C951BC1872D00F5EA5F /* Main.storyboard */,
				86C7FDF72003D1F9005C5C9F /* StringExt.swift */,
				05979C981BC1872D00F5EA5F /* Assets.xcassets */,
				05979C9A1BC1872D00F5EA5F /* LaunchScreen.storyboard */,
				05979C9D1BC1872D00F5EA5F /* Info.plist */,
			);
			path = splitabill;
			sourceTree = "<group>";
		};
/* End PBXGroup section */

/* Begin PBXNativeTarget section */
		05979C8D1BC1872D00F5EA5F /* splitabill */ = {
			isa = PBXNativeTarget;
			buildConfigurationList = 05979CA01BC1872D00F5EA5F /* Build configuration list for PBXNativeTarget "splitabill" */;
			buildPhases = (
				05979C8A1BC1872D00F5EA5F /* Sources */,
				05979C8B1BC1872D00F5EA5F /* Frameworks */,
				05979C8C1BC1872D00F5EA5F /* Resources */,
			);
			buildRules = (
			);
			dependencies = (
			);
			name = splitabill;
			productName = splitabill;
			productReference = 05979C8E1BC1872D00F5EA5F /* splitabill.app */;
			productType = "com.apple.product-type.application";
		};
/* End PBXNativeTarget section */

/* Begin PBXProject section */
		05979C861BC1872D00F5EA5F /* Project object */ = {
			isa = PBXProject;
			attributes = {
				LastUpgradeCheck = 0700;
				ORGANIZATIONNAME = "Apoorv Mote";
				TargetAttributes = {
					05979C8D1BC1872D00F5EA5F = {
						CreatedOnToolsVersion = 7.0.1;
						DevelopmentTeam = WBDY63TE28;
						LastSwiftMigration = 0920;
					};
				};
			};
			buildConfigurationList = 05979C891BC1872D00F5EA5F /* Build configuration list for PBXProject "splitabill" */;
			compatibilityVersion = "Xcode 3.2";
			developmentRegion = English;
			hasScannedForEncodings = 0;
			knownRegions = (
				en,
				Base,
			);
			mainGroup = 05979C851BC1872D00F5EA5F;
			productRefGroup = 05979C8F1BC1872D00F5EA5F /* Products */;
			projectDirPath = "";
			projectRoot = "";
			targets = (
				05979C8D1BC1872D00F5EA5F /* splitabill */,
			);
		};
/* End PBXProject section */

/* Begin PBXResourcesBuildPhase section */
		05979C8C1BC1872D00F5EA5F /* Resources */ = {
			isa = PBXResourcesBuildPhase;
			buildActionMask = 2147483647;
			files = (
				05979C9C1BC1872D00F5EA5F /* LaunchScreen.storyboard in Resources */,
				05979C991BC1872D00F5EA5F /* Assets.xcassets in Resources */,
				05979C971BC1872D00F5EA5F /* Main.storyboard in Resources */,
			);
			runOnlyForDeploymentPostprocessing = 0;
		};
/* End PBXResourcesBuildPhase section */

/* Begin PBXSourcesBuildPhase section */
		05979C8A1BC1872D00F5EA5F /* Sources */ = {
			isa = PBXSourcesBuildPhase;
			buildActionMask = 2147483647;
			files = (
				86169A672003A92300CA2A08 /* RoundButton.swift in Sources */,
				86CEFAAA2000D4720075912D /* ResultViewController.swift in Sources */,
				05979CA61BC19BC700F5EA5F /* DetailTableViewController.swift in Sources */,
				86C7FDF82003D1F9005C5C9F /* StringExt.swift in Sources */,
				86CEFAA82000C2FF0075912D /* Util.swift in Sources */,
				05979CA41BC1898C00F5EA5F /* MainTableViewController.swift in Sources */,
				05979C921BC1872D00F5EA5F /* AppDelegate.swift in Sources */,
			);
			runOnlyForDeploymentPostprocessing = 0;
		};
/* End PBXSourcesBuildPhase section */

/* Begin PBXVariantGroup section */
		05979C951BC1872D00F5EA5F /* Main.storyboard */ = {
			isa = PBXVariantGroup;
			children = (
				05979C961BC1872D00F5EA5F /* Base */,
			);
			name = Main.storyboard;
			sourceTree = "<group>";
		};
		05979C9A1BC1872D00F5EA5F /* LaunchScreen.storyboard */ = {
			isa = PBXVariantGroup;
			children = (
				05979C9B1BC1872D00F5EA5F /* Base */,
			);
			name = LaunchScreen.storyboard;
			sourceTree = "<group>";
		};
/* End PBXVariantGroup section */

/* Begin XCBuildConfiguration section */
		05979C9E1BC1872D00F5EA5F /* Debug */ = {
			isa = XCBuildConfiguration;
			buildSettings = {
				ALWAYS_SEARCH_USER_PATHS = NO;
				CLANG_CXX_LANGUAGE_STANDARD = "gnu++0x";
				CLANG_CXX_LIBRARY = "libc++";
				CLANG_ENABLE_MODULES = YES;
				CLANG_ENABLE_OBJC_ARC = YES;
				CLANG_WARN_BOOL_CONVERSION = YES;
				CLANG_WARN_CONSTANT_CONVERSION = YES;
				CLANG_WARN_DIRECT_OBJC_ISA_USAGE = YES_ERROR;
				CLANG_WARN_EMPTY_BODY = YES;
				CLANG_WARN_ENUM_CONVERSION = YES;
				CLANG_WARN_INT_CONVERSION = YES;
				CLANG_WARN_OBJC_ROOT_CLASS = YES_ERROR;
				CLANG_WARN_UNREACHABLE_CODE = YES;
				CLANG_WARN__DUPLICATE_METHOD_MATCH = YES;
				"CODE_SIGN_IDENTITY[sdk=iphoneos*]" = "iPhone Developer";
				COPY_PHASE_STRIP = NO;
				DEBUG_INFORMATION_FORMAT = dwarf;
				ENABLE_STRICT_OBJC_MSGSEND = YES;
				ENABLE_TESTABILITY = YES;
				GCC_C_LANGUAGE_STANDARD = gnu99;
				GCC_DYNAMIC_NO_PIC = NO;
				GCC_NO_COMMON_BLOCKS = YES;
				GCC_OPTIMIZATION_LEVEL = 0;
				GCC_PREPROCESSOR_DEFINITIONS = (
					"DEBUG=1",
					"$(inherited)",
				);
				GCC_WARN_64_TO_32_BIT_CONVERSION = YES;
				GCC_WARN_ABOUT_RETURN_TYPE = YES_ERROR;
				GCC_WARN_UNDECLARED_SELECTOR = YES;
				GCC_WARN_UNINITIALIZED_AUTOS = YES_AGGRESSIVE;
				GCC_WARN_UNUSED_FUNCTION = YES;
				GCC_WARN_UNUSED_VARIABLE = YES;
				IPHONEOS_DEPLOYMENT_TARGET = 9.0;
				MTL_ENABLE_DEBUG_INFO = YES;
				ONLY_ACTIVE_ARCH = YES;
				SDKROOT = iphoneos;
				SWIFT_OPTIMIZATION_LEVEL = "-Onone";
				TARGETED_DEVICE_FAMILY = "1,2";
			};
			name = Debug;
		};
		05979C9F1BC1872D00F5EA5F /* Release */ = {
			isa = XCBuildConfiguration;
			buildSettings = {
				ALWAYS_SEARCH_USER_PATHS = NO;
				CLANG_CXX_LANGUAGE_STANDARD = "gnu++0x";
				CLANG_CXX_LIBRARY = "libc++";
				CLANG_ENABLE_MODULES = YES;
				CLANG_ENABLE_OBJC_ARC = YES;
				CLANG_WARN_BOOL_CONVERSION = YES;
				CLANG_WARN_CONSTANT_CONVERSION = YES;
				CLANG_WARN_DIRECT_OBJC_ISA_USAGE = YES_ERROR;
				CLANG_WARN_EMPTY_BODY = YES;
				CLANG_WARN_ENUM_CONVERSION = YES;
				CLANG_WARN_INT_CONVERSION = YES;
				CLANG_WARN_OBJC_ROOT_CLASS = YES_ERROR;
				CLANG_WARN_UNREACHABLE_CODE = YES;
				CLANG_WARN__DUPLICATE_METHOD_MATCH = YES;
				"CODE_SIGN_IDENTITY[sdk=iphoneos*]" = "iPhone Developer";
				COPY_PHASE_STRIP = NO;
				DEBUG_INFORMATION_FORMAT = "dwarf-with-dsym";
				ENABLE_NS_ASSERTIONS = NO;
				ENABLE_STRICT_OBJC_MSGSEND = YES;
				GCC_C_LANGUAGE_STANDARD = gnu99;
				GCC_NO_COMMON_BLOCKS = YES;
				GCC_WARN_64_TO_32_BIT_CONVERSION = YES;
				GCC_WARN_ABOUT_RETURN_TYPE = YES_ERROR;
				GCC_WARN_UNDECLARED_SELECTOR = YES;
				GCC_WARN_UNINITIALIZED_AUTOS = YES_AGGRESSIVE;
				GCC_WARN_UNUSED_FUNCTION = YES;
				GCC_WARN_UNUSED_VARIABLE = YES;
				IPHONEOS_DEPLOYMENT_TARGET = 9.0;
				MTL_ENABLE_DEBUG_INFO = NO;
				SDKROOT = iphoneos;
				TARGETED_DEVICE_FAMILY = "1,2";
				VALIDATE_PRODUCT = YES;
			};
			name = Release;
		};
		05979CA11BC1872D00F5EA5F /* Debug */ = {
			isa = XCBuildConfiguration;
			buildSettings = {
				ASSETCATALOG_COMPILER_APPICON_NAME = AppIcon;
				CLANG_ENABLE_MODULES = YES;
				DEVELOPMENT_TEAM = WBDY63TE28;
				INFOPLIST_FILE = splitabill/Info.plist;
				LD_RUNPATH_SEARCH_PATHS = "$(inherited) @executable_path/Frameworks";
				PRODUCT_BUNDLE_IDENTIFIER = com.pnk.editdatademo;
				PRODUCT_NAME = "$(TARGET_NAME)";
				SWIFT_OBJC_BRIDGING_HEADER = "";
				SWIFT_OPTIMIZATION_LEVEL = "-Onone";
				SWIFT_VERSION = 4.0;
			};
			name = Debug;
		};
		05979CA21BC1872D00F5EA5F /* Release */ = {
			isa = XCBuildConfiguration;
			buildSettings = {
				ASSETCATALOG_COMPILER_APPICON_NAME = AppIcon;
				CLANG_ENABLE_MODULES = YES;
				DEVELOPMENT_TEAM = WBDY63TE28;
				INFOPLIST_FILE = "edit data demo/Info.plist";
				LD_RUNPATH_SEARCH_PATHS = "$(inherited) @executable_path/Frameworks";
				PRODUCT_BUNDLE_IDENTIFIER = com.pnk.editdatademo;
				PRODUCT_NAME = "$(TARGET_NAME)";
				SWIFT_OBJC_BRIDGING_HEADER = "";
				SWIFT_VERSION = 4.0;
			};
			name = Release;
		};
/* End XCBuildConfiguration section */

/* Begin XCConfigurationList section */
		05979C891BC1872D00F5EA5F /* Build configuration list for PBXProject "splitabill" */ = {
			isa = XCConfigurationList;
			buildConfigurations = (
				05979C9E1BC1872D00F5EA5F /* Debug */,
				05979C9F1BC1872D00F5EA5F /* Release */,
			);
			defaultConfigurationIsVisible = 0;
			defaultConfigurationName = Release;
		};
		05979CA01BC1872D00F5EA5F /* Build configuration list for PBXNativeTarget "splitabill" */ = {
			isa = XCConfigurationList;
			buildConfigurations = (
				05979CA11BC1872D00F5EA5F /* Debug */,
				05979CA21BC1872D00F5EA5F /* Release */,
			);
			defaultConfigurationIsVisible = 0;
			defaultConfigurationName = Release;
		};
/* End XCConfigurationList section */
	};
	rootObject = 05979C861BC1872D00F5EA5F /* Project object */;
}
